// !$*UTF8*$!
{
	archiveVersion = 1;
	classes = {
	};
	objectVersion = 56;
	objects = {

/* Begin PBXBuildFile section */
		4DFD5FD929C0A1CD00F1BF87 /* RichTextEditor.docc in Sources */ = {isa = PBXBuildFile; fileRef = 4DFD5FD829C0A1CD00F1BF87 /* RichTextEditor.docc */; };
		4DFD5FDF29C0A1CD00F1BF87 /* RichTextEditor.framework in Frameworks */ = {isa = PBXBuildFile; fileRef = 4DFD5FD429C0A1CD00F1BF87 /* RichTextEditor.framework */; };
		4DFD5FE429C0A1CD00F1BF87 /* RichTextEditorTests.swift in Sources */ = {isa = PBXBuildFile; fileRef = 4DFD5FE329C0A1CD00F1BF87 /* RichTextEditorTests.swift */; };
		4DFD5FE529C0A1CD00F1BF87 /* RichTextEditor.h in Headers */ = {isa = PBXBuildFile; fileRef = 4DFD5FD729C0A1CD00F1BF87 /* RichTextEditor.h */; settings = {ATTRIBUTES = (Public, ); }; };
/* End PBXBuildFile section */

/* Begin PBXContainerItemProxy section */
		4DFD5FE029C0A1CD00F1BF87 /* PBXContainerItemProxy */ = {
			isa = PBXContainerItemProxy;
			containerPortal = 4DFD5FCB29C0A1CD00F1BF87 /* Project object */;
			proxyType = 1;
			remoteGlobalIDString = 4DFD5FD329C0A1CD00F1BF87;
			remoteInfo = RichTextEditor;
		};
/* End PBXContainerItemProxy section */

/* Begin PBXFileReference section */
		4DFD5FD429C0A1CD00F1BF87 /* RichTextEditor.framework */ = {isa = PBXFileReference; explicitFileType = wrapper.framework; includeInIndex = 0; path = RichTextEditor.framework; sourceTree = BUILT_PRODUCTS_DIR; };
		4DFD5FD729C0A1CD00F1BF87 /* RichTextEditor.h */ = {isa = PBXFileReference; lastKnownFileType = sourcecode.c.h; path = RichTextEditor.h; sourceTree = "<group>"; };
		4DFD5FD829C0A1CD00F1BF87 /* RichTextEditor.docc */ = {isa = PBXFileReference; lastKnownFileType = folder.documentationcatalog; path = RichTextEditor.docc; sourceTree = "<group>"; };
		4DFD5FDE29C0A1CD00F1BF87 /* RichTextEditorTests.xctest */ = {isa = PBXFileReference; explicitFileType = wrapper.cfbundle; includeInIndex = 0; path = RichTextEditorTests.xctest; sourceTree = BUILT_PRODUCTS_DIR; };
		4DFD5FE329C0A1CD00F1BF87 /* RichTextEditorTests.swift */ = {isa = PBXFileReference; lastKnownFileType = sourcecode.swift; path = RichTextEditorTests.swift; sourceTree = "<group>"; };
/* End PBXFileReference section */

/* Begin PBXFrameworksBuildPhase section */
		4DFD5FD129C0A1CD00F1BF87 /* Frameworks */ = {
			isa = PBXFrameworksBuildPhase;
			buildActionMask = 2147483647;
			files = (
			);
			runOnlyForDeploymentPostprocessing = 0;
		};
		4DFD5FDB29C0A1CD00F1BF87 /* Frameworks */ = {
			isa = PBXFrameworksBuildPhase;
			buildActionMask = 2147483647;
			files = (
				4DFD5FDF29C0A1CD00F1BF87 /* RichTextEditor.framework in Frameworks */,
			);
			runOnlyForDeploymentPostprocessing = 0;
		};
/* End PBXFrameworksBuildPhase section */

/* Begin PBXGroup section */
		4DFD5FCA29C0A1CD00F1BF87 = {
			isa = PBXGroup;
			children = (
				4DFD5FD629C0A1CD00F1BF87 /* RichTextEditor */,
				4DFD5FE229C0A1CD00F1BF87 /* RichTextEditorTests */,
				4DFD5FD529C0A1CD00F1BF87 /* Products */,
			);
			sourceTree = "<group>";
		};
		4DFD5FD529C0A1CD00F1BF87 /* Products */ = {
			isa = PBXGroup;
			children = (
				4DFD5FD429C0A1CD00F1BF87 /* RichTextEditor.framework */,
				4DFD5FDE29C0A1CD00F1BF87 /* RichTextEditorTests.xctest */,
			);
			name = Products;
			sourceTree = "<group>";
		};
		4DFD5FD629C0A1CD00F1BF87 /* RichTextEditor */ = {
			isa = PBXGroup;
			children = (
				4DFD5FD729C0A1CD00F1BF87 /* RichTextEditor.h */,
				4DFD5FD829C0A1CD00F1BF87 /* RichTextEditor.docc */,
			);
			path = RichTextEditor;
			sourceTree = "<group>";
		};
		4DFD5FE229C0A1CD00F1BF87 /* RichTextEditorTests */ = {
			isa = PBXGroup;
			children = (
				4DFD5FE329C0A1CD00F1BF87 /* RichTextEditorTests.swift */,
			);
			path = RichTextEditorTests;
			sourceTree = "<group>";
		};
/* End PBXGroup section */

/* Begin PBXHeadersBuildPhase section */
		4DFD5FCF29C0A1CD00F1BF87 /* Headers */ = {
			isa = PBXHeadersBuildPhase;
			buildActionMask = 2147483647;
			files = (
				4DFD5FE529C0A1CD00F1BF87 /* RichTextEditor.h in Headers */,
			);
			runOnlyForDeploymentPostprocessing = 0;
		};
/* End PBXHeadersBuildPhase section */

/* Begin PBXNativeTarget section */
		4DFD5FD329C0A1CD00F1BF87 /* RichTextEditor */ = {
			isa = PBXNativeTarget;
			buildConfigurationList = 4DFD5FE829C0A1CD00F1BF87 /* Build configuration list for PBXNativeTarget "RichTextEditor" */;
			buildPhases = (
				4DFD5FCF29C0A1CD00F1BF87 /* Headers */,
				4DFD5FD029C0A1CD00F1BF87 /* Sources */,
				4DFD5FD129C0A1CD00F1BF87 /* Frameworks */,
				4DFD5FD229C0A1CD00F1BF87 /* Resources */,
			);
			buildRules = (
			);
			dependencies = (
			);
			name = RichTextEditor;
			productName = RichTextEditor;
			productReference = 4DFD5FD429C0A1CD00F1BF87 /* RichTextEditor.framework */;
			productType = "com.apple.product-type.framework";
		};
		4DFD5FDD29C0A1CD00F1BF87 /* RichTextEditorTests */ = {
			isa = PBXNativeTarget;
			buildConfigurationList = 4DFD5FEB29C0A1CD00F1BF87 /* Build configuration list for PBXNativeTarget "RichTextEditorTests" */;
			buildPhases = (
				4DFD5FDA29C0A1CD00F1BF87 /* Sources */,
				4DFD5FDB29C0A1CD00F1BF87 /* Frameworks */,
				4DFD5FDC29C0A1CD00F1BF87 /* Resources */,
			);
			buildRules = (
			);
			dependencies = (
				4DFD5FE129C0A1CD00F1BF87 /* PBXTargetDependency */,
			);
			name = RichTextEditorTests;
			productName = RichTextEditorTests;
			productReference = 4DFD5FDE29C0A1CD00F1BF87 /* RichTextEditorTests.xctest */;
			productType = "com.apple.product-type.bundle.unit-test";
		};
/* End PBXNativeTarget section */

/* Begin PBXProject section */
		4DFD5FCB29C0A1CD00F1BF87 /* Project object */ = {
			isa = PBXProject;
			attributes = {
				BuildIndependentTargetsInParallel = 1;
				LastSwiftUpdateCheck = 1420;
				LastUpgradeCheck = 1420;
				TargetAttributes = {
					4DFD5FD329C0A1CD00F1BF87 = {
						CreatedOnToolsVersion = 14.2;
					};
					4DFD5FDD29C0A1CD00F1BF87 = {
						CreatedOnToolsVersion = 14.2;
					};
				};
			};
			buildConfigurationList = 4DFD5FCE29C0A1CD00F1BF87 /* Build configuration list for PBXProject "RichTextEditor" */;
			compatibilityVersion = "Xcode 14.0";
			developmentRegion = en;
			hasScannedForEncodings = 0;
			knownRegions = (
				en,
				Base,
			);
			mainGroup = 4DFD5FCA29C0A1CD00F1BF87;
			productRefGroup = 4DFD5FD529C0A1CD00F1BF87 /* Products */;
			projectDirPath = "";
			projectRoot = "";
			targets = (
				4DFD5FD329C0A1CD00F1BF87 /* RichTextEditor */,
				4DFD5FDD29C0A1CD00F1BF87 /* RichTextEditorTests */,
			);
		};
/* End PBXProject section */

/* Begin PBXResourcesBuildPhase section */
		4DFD5FD229C0A1CD00F1BF87 /* Resources */ = {
			isa = PBXResourcesBuildPhase;
			buildActionMask = 2147483647;
			files = (
			);
			runOnlyForDeploymentPostprocessing = 0;
		};
		4DFD5FDC29C0A1CD00F1BF87 /* Resources */ = {
			isa = PBXResourcesBuildPhase;
			buildActionMask = 2147483647;
			files = (
			);
			runOnlyForDeploymentPostprocessing = 0;
		};
/* End PBXResourcesBuildPhase section */

/* Begin PBXSourcesBuildPhase section */
		4DFD5FD029C0A1CD00F1BF87 /* Sources */ = {
			isa = PBXSourcesBuildPhase;
			buildActionMask = 2147483647;
			files = (
				4DFD5FD929C0A1CD00F1BF87 /* RichTextEditor.docc in Sources */,
			);
			runOnlyForDeploymentPostprocessing = 0;
		};
		4DFD5FDA29C0A1CD00F1BF87 /* Sources */ = {
			isa = PBXSourcesBuildPhase;
			buildActionMask = 2147483647;
			files = (
				4DFD5FE429C0A1CD00F1BF87 /* RichTextEditorTests.swift in Sources */,
			);
			runOnlyForDeploymentPostprocessing = 0;
		};
/* End PBXSourcesBuildPhase section */

/* Begin PBXTargetDependency section */
		4DFD5FE129C0A1CD00F1BF87 /* PBXTargetDependency */ = {
			isa = PBXTargetDependency;
			target = 4DFD5FD329C0A1CD00F1BF87 /* RichTextEditor */;
			targetProxy = 4DFD5FE029C0A1CD00F1BF87 /* PBXContainerItemProxy */;
		};
/* End PBXTargetDependency section */

/* Begin XCBuildConfiguration section */
		4DFD5FE629C0A1CD00F1BF87 /* Debug */ = {
			isa = XCBuildConfiguration;
			buildSettings = {
				ALWAYS_SEARCH_USER_PATHS = NO;
				CLANG_ANALYZER_NONNULL = YES;
				CLANG_ANALYZER_NUMBER_OBJECT_CONVERSION = YES_AGGRESSIVE;
				CLANG_CXX_LANGUAGE_STANDARD = "gnu++20";
				CLANG_ENABLE_MODULES = YES;
				CLANG_ENABLE_OBJC_ARC = YES;
				CLANG_ENABLE_OBJC_WEAK = YES;
				CLANG_WARN_BLOCK_CAPTURE_AUTORELEASING = YES;
				CLANG_WARN_BOOL_CONVERSION = YES;
				CLANG_WARN_COMMA = YES;
				CLANG_WARN_CONSTANT_CONVERSION = YES;
				CLANG_WARN_DEPRECATED_OBJC_IMPLEMENTATIONS = YES;
				CLANG_WARN_DIRECT_OBJC_ISA_USAGE = YES_ERROR;
				CLANG_WARN_DOCUMENTATION_COMMENTS = YES;
				CLANG_WARN_EMPTY_BODY = YES;
				CLANG_WARN_ENUM_CONVERSION = YES;
				CLANG_WARN_INFINITE_RECURSION = YES;
				CLANG_WARN_INT_CONVERSION = YES;
				CLANG_WARN_NON_LITERAL_NULL_CONVERSION = YES;
				CLANG_WARN_OBJC_IMPLICIT_RETAIN_SELF = YES;
				CLANG_WARN_OBJC_LITERAL_CONVERSION = YES;
				CLANG_WARN_OBJC_ROOT_CLASS = YES_ERROR;
				CLANG_WARN_QUOTED_INCLUDE_IN_FRAMEWORK_HEADER = YES;
				CLANG_WARN_RANGE_LOOP_ANALYSIS = YES;
				CLANG_WARN_STRICT_PROTOTYPES = YES;
				CLANG_WARN_SUSPICIOUS_MOVE = YES;
				CLANG_WARN_UNGUARDED_AVAILABILITY = YES_AGGRESSIVE;
				CLANG_WARN_UNREACHABLE_CODE = YES;
				CLANG_WARN__DUPLICATE_METHOD_MATCH = YES;
				COPY_PHASE_STRIP = NO;
				CURRENT_PROJECT_VERSION = 1;
				DEBUG_INFORMATION_FORMAT = dwarf;
				ENABLE_STRICT_OBJC_MSGSEND = YES;
				ENABLE_TESTABILITY = YES;
				GCC_C_LANGUAGE_STANDARD = gnu11;
				GCC_DYNAMIC_NO_PIC = NO;
				GCC_NO_COMMON_BLOCKS = YES;
				GCC_OPTIMIZATION_LEVEL = 0;
				GCC_PREPROCESSOR_DEFINITIONS = (
					"DEBUG=1",
					"$(inherited)",
				);
				GCC_WARN_64_TO_32_BIT_CONVERSION = YES;
				GCC_WARN_ABOUT_RETURN_TYPE = YES_ERROR;
				GCC_WARN_UNDECLARED_SELECTOR = YES;
				GCC_WARN_UNINITIALIZED_AUTOS = YES_AGGRESSIVE;
				GCC_WARN_UNUSED_FUNCTION = YES;
				GCC_WARN_UNUSED_VARIABLE = YES;
				IPHONEOS_DEPLOYMENT_TARGET = 16.2;
				MTL_ENABLE_DEBUG_INFO = INCLUDE_SOURCE;
				MTL_FAST_MATH = YES;
				ONLY_ACTIVE_ARCH = YES;
				SDKROOT = iphoneos;
				SWIFT_ACTIVE_COMPILATION_CONDITIONS = DEBUG;
				SWIFT_OPTIMIZATION_LEVEL = "-Onone";
				VERSIONING_SYSTEM = "apple-generic";
				VERSION_INFO_PREFIX = "";
			};
			name = Debug;
		};
		4DFD5FE729C0A1CD00F1BF87 /* Release */ = {
			isa = XCBuildConfiguration;
			buildSettings = {
				ALWAYS_SEARCH_USER_PATHS = NO;
				CLANG_ANALYZER_NONNULL = YES;
				CLANG_ANALYZER_NUMBER_OBJECT_CONVERSION = YES_AGGRESSIVE;
				CLANG_CXX_LANGUAGE_STANDARD = "gnu++20";
				CLANG_ENABLE_MODULES = YES;
				CLANG_ENABLE_OBJC_ARC = YES;
				CLANG_ENABLE_OBJC_WEAK = YES;
				CLANG_WARN_BLOCK_CAPTURE_AUTORELEASING = YES;
				CLANG_WARN_BOOL_CONVERSION = YES;
				CLANG_WARN_COMMA = YES;
				CLANG_WARN_CONSTANT_CONVERSION = YES;
				CLANG_WARN_DEPRECATED_OBJC_IMPLEMENTATIONS = YES;
				CLANG_WARN_DIRECT_OBJC_ISA_USAGE = YES_ERROR;
				CLANG_WARN_DOCUMENTATION_COMMENTS = YES;
				CLANG_WARN_EMPTY_BODY = YES;
				CLANG_WARN_ENUM_CONVERSION = YES;
				CLANG_WARN_INFINITE_RECURSION = YES;
				CLANG_WARN_INT_CONVERSION = YES;
				CLANG_WARN_NON_LITERAL_NULL_CONVERSION = YES;
				CLANG_WARN_OBJC_IMPLICIT_RETAIN_SELF = YES;
				CLANG_WARN_OBJC_LITERAL_CONVERSION = YES;
				CLANG_WARN_OBJC_ROOT_CLASS = YES_ERROR;
				CLANG_WARN_QUOTED_INCLUDE_IN_FRAMEWORK_HEADER = YES;
				CLANG_WARN_RANGE_LOOP_ANALYSIS = YES;
				CLANG_WARN_STRICT_PROTOTYPES = YES;
				CLANG_WARN_SUSPICIOUS_MOVE = YES;
				CLANG_WARN_UNGUARDED_AVAILABILITY = YES_AGGRESSIVE;
				CLANG_WARN_UNREACHABLE_CODE = YES;
				CLANG_WARN__DUPLICATE_METHOD_MATCH = YES;
				COPY_PHASE_STRIP = NO;
				CURRENT_PROJECT_VERSION = 1;
				DEBUG_INFORMATION_FORMAT = "dwarf-with-dsym";
				ENABLE_NS_ASSERTIONS = NO;
				ENABLE_STRICT_OBJC_MSGSEND = YES;
				GCC_C_LANGUAGE_STANDARD = gnu11;
				GCC_NO_COMMON_BLOCKS = YES;
				GCC_WARN_64_TO_32_BIT_CONVERSION = YES;
				GCC_WARN_ABOUT_RETURN_TYPE = YES_ERROR;
				GCC_WARN_UNDECLARED_SELECTOR = YES;
				GCC_WARN_UNINITIALIZED_AUTOS = YES_AGGRESSIVE;
				GCC_WARN_UNUSED_FUNCTION = YES;
				GCC_WARN_UNUSED_VARIABLE = YES;
				IPHONEOS_DEPLOYMENT_TARGET = 16.2;
				MTL_ENABLE_DEBUG_INFO = NO;
				MTL_FAST_MATH = YES;
				SDKROOT = iphoneos;
				SWIFT_COMPILATION_MODE = wholemodule;
				SWIFT_OPTIMIZATION_LEVEL = "-O";
				VALIDATE_PRODUCT = YES;
				VERSIONING_SYSTEM = "apple-generic";
				VERSION_INFO_PREFIX = "";
			};
			name = Release;
		};
		4DFD5FE929C0A1CD00F1BF87 /* Debug */ = {
			isa = XCBuildConfiguration;
			buildSettings = {
				CODE_SIGN_STYLE = Automatic;
				CURRENT_PROJECT_VERSION = 1;
				DEFINES_MODULE = YES;
				DEVELOPMENT_TEAM = PRL53XW4VS;
				DYLIB_COMPATIBILITY_VERSION = 1;
				DYLIB_CURRENT_VERSION = 1;
				DYLIB_INSTALL_NAME_BASE = "@rpath";
				GENERATE_INFOPLIST_FILE = YES;
				INFOPLIST_KEY_NSHumanReadableCopyright = "";
				INSTALL_PATH = "$(LOCAL_LIBRARY_DIR)/Frameworks";
				LD_RUNPATH_SEARCH_PATHS = (
					"$(inherited)",
					"@executable_path/Frameworks",
					"@loader_path/Frameworks",
				);
				MARKETING_VERSION = 1.0;
				PRODUCT_BUNDLE_IDENTIFIER = tobiasbinnewies.RichTextEditor;
				PRODUCT_NAME = "$(TARGET_NAME:c99extidentifier)";
				SKIP_INSTALL = YES;
				SWIFT_EMIT_LOC_STRINGS = YES;
				SWIFT_VERSION = 5.0;
				TARGETED_DEVICE_FAMILY = "1,2";
			};
			name = Debug;
		};
		4DFD5FEA29C0A1CD00F1BF87 /* Release */ = {
			isa = XCBuildConfiguration;
			buildSettings = {
				CODE_SIGN_STYLE = Automatic;
				CURRENT_PROJECT_VERSION = 1;
				DEFINES_MODULE = YES;
				DEVELOPMENT_TEAM = PRL53XW4VS;
				DYLIB_COMPATIBILITY_VERSION = 1;
				DYLIB_CURRENT_VERSION = 1;
				DYLIB_INSTALL_NAME_BASE = "@rpath";
				GENERATE_INFOPLIST_FILE = YES;
				INFOPLIST_KEY_NSHumanReadableCopyright = "";
				INSTALL_PATH = "$(LOCAL_LIBRARY_DIR)/Frameworks";
				LD_RUNPATH_SEARCH_PATHS = (
					"$(inherited)",
					"@executable_path/Frameworks",
					"@loader_path/Frameworks",
				);
				MARKETING_VERSION = 1.0;
				PRODUCT_BUNDLE_IDENTIFIER = tobiasbinnewies.RichTextEditor;
				PRODUCT_NAME = "$(TARGET_NAME:c99extidentifier)";
				SKIP_INSTALL = YES;
				SWIFT_EMIT_LOC_STRINGS = YES;
				SWIFT_VERSION = 5.0;
				TARGETED_DEVICE_FAMILY = "1,2";
			};
			name = Release;
		};
		4DFD5FEC29C0A1CD00F1BF87 /* Debug */ = {
			isa = XCBuildConfiguration;
			buildSettings = {
				CODE_SIGN_STYLE = Automatic;
				CURRENT_PROJECT_VERSION = 1;
				DEVELOPMENT_TEAM = PRL53XW4VS;
				GENERATE_INFOPLIST_FILE = YES;
				MARKETING_VERSION = 1.0;
				PRODUCT_BUNDLE_IDENTIFIER = tobiasbinnewies.RichTextEditorTests;
				PRODUCT_NAME = "$(TARGET_NAME)";
				SWIFT_EMIT_LOC_STRINGS = NO;
				SWIFT_VERSION = 5.0;
				TARGETED_DEVICE_FAMILY = "1,2";
			};
			name = Debug;
		};
		4DFD5FED29C0A1CD00F1BF87 /* Release */ = {
			isa = XCBuildConfiguration;
			buildSettings = {
				CODE_SIGN_STYLE = Automatic;
				CURRENT_PROJECT_VERSION = 1;
				DEVELOPMENT_TEAM = PRL53XW4VS;
				GENERATE_INFOPLIST_FILE = YES;
				MARKETING_VERSION = 1.0;
				PRODUCT_BUNDLE_IDENTIFIER = tobiasbinnewies.RichTextEditorTests;
				PRODUCT_NAME = "$(TARGET_NAME)";
				SWIFT_EMIT_LOC_STRINGS = NO;
				SWIFT_VERSION = 5.0;
				TARGETED_DEVICE_FAMILY = "1,2";
			};
			name = Release;
		};
/* End XCBuildConfiguration section */

/* Begin XCConfigurationList section */
		4DFD5FCE29C0A1CD00F1BF87 /* Build configuration list for PBXProject "RichTextEditor" */ = {
			isa = XCConfigurationList;
			buildConfigurations = (
				4DFD5FE629C0A1CD00F1BF87 /* Debug */,
				4DFD5FE729C0A1CD00F1BF87 /* Release */,
			);
			defaultConfigurationIsVisible = 0;
			defaultConfigurationName = Release;
		};
		4DFD5FE829C0A1CD00F1BF87 /* Build configuration list for PBXNativeTarget "RichTextEditor" */ = {
			isa = XCConfigurationList;
			buildConfigurations = (
				4DFD5FE929C0A1CD00F1BF87 /* Debug */,
				4DFD5FEA29C0A1CD00F1BF87 /* Release */,
			);
			defaultConfigurationIsVisible = 0;
			defaultConfigurationName = Release;
		};
		4DFD5FEB29C0A1CD00F1BF87 /* Build configuration list for PBXNativeTarget "RichTextEditorTests" */ = {
			isa = XCConfigurationList;
			buildConfigurations = (
				4DFD5FEC29C0A1CD00F1BF87 /* Debug */,
				4DFD5FED29C0A1CD00F1BF87 /* Release */,
			);
			defaultConfigurationIsVisible = 0;
			defaultConfigurationName = Release;
		};
/* End XCConfigurationList section */
	};
	rootObject = 4DFD5FCB29C0A1CD00F1BF87 /* Project object */;
}
